github.com/juju/ansiterm v0.0.0-20160907234532-b99631de12cf h1:1Bxg7u1ZVppXGJxN76APTgBEdHkR/PSbpeY4I8cWeEA=
github.com/juju/ansiterm v0.0.0-20160907234532-b99631de12cf/go.mod h1:UJSiEoRfvx3hP73CvoARgeLjaIOjybY9vj8PUPPFGeU=
github.com/juju/errors v0.0.0-20150916125642-1b5e39b83d18 h1:Sem5Flzxj8ZdAgY2wfHBUlOYyP4wrpIfM8IZgANNGh8=
github.com/juju/errors v0.0.0-20150916125642-1b5e39b83d18/go.mod h1:W54LbzXuIE0boCoNJfwqpmkKJ1O4TCTZMetAt6jGk7Q=
github.com/juju/loggo v0.0.0-20160818025724-3b7ece48644d h1:vu3mypieXbYSVEAKHKTGVFW9iA2htZgJTA84CF0Bsfc=
github.com/juju/loggo v0.0.0-20160818025724-3b7ece48644d/go.mod h1:vgyd7OREkbtVEN/8IXZe5Ooef3LQePvuBm9UWj6ZL8U=
github.com/juju/retry v0.0.0-20151029024821-62c620325291 h1:Rp0pLxDOsLDDwh2S73oHLI2KTFFyrF6oM/DgP0FhhBk=
github.com/juju/retry v0.0.0-20151029024821-62c620325291/go.mod h1:OohPQGsr4pnxwD5YljhQ+TZnuVRYpa5irjugL1Yuif4=
github.com/juju/testing v0.0.0-20161031103713-b8689951f6db h1:Vro22momnM3njH1yYKLpW4I11ruChL0ShY+TO/rfBzg=
github.com/juju/testing v0.0.0-20161031103713-b8689951f6db/go.mod h1:63prj8cnj0tU0S9OHjGJn+b1h0ZghCndfnbQolrYTwA=
github.com/juju/utils v0.0.0-20161003233226-28c01ec2ad93 h1:XCKy6TnfAAN1xNzSwTEaq+tG60799OkJMeaL5BTnoIo=
github.com/juju/utils v0.0.0-20161003233226-28c01ec2ad93/go.mod h1:6/KLg8Wz/y2KVGWEpkK9vMNGkOnu4k/cqs8Z1fKjTOk=
github.com/juju/version v0.0.0-20160603194958-4ae6172c0062 h1:3N6M1BYNd4m7zHvTtU8cL/sUtH/wu/JdjkTObE5JQVM=
github.com/juju/version v0.0.0-20160603194958-4ae6172c0062/go.mod h1:kE8gK5X0CImdr7qpSKl3xB2PmpySSmfj7zVbkZFs81U=
github.com/julienschmidt/httprouter v0.0.0-20151013225520-77a895ad01eb h1:a8sYyruWLyKeMay8GPF+nwZ36xT7A0oNyn68Q6wJ5cc=
github.com/julienschmidt/httprouter v0.0.0-20151013225520-77a895ad01eb/go.mod h1:SYymIcj16QtmaHHD7aYtjjsJG7VTCxuUUipMqKk8s4w=
github.com/lunixbochs/vtclean v0.0.0-20160125035106-4fbf7632a2c6 h1:yjdywwaxd8vTEXuA4EdgUBkiCQEQG7YAY3k9S1PaZKg=
github.com/lunixbochs/vtclean v0.0.0-20160125035106-4fbf7632a2c6/go.mod h1:pHhQNgMf3btfWnGBVipUOjRYhoOsdGqdm/+2c2E2WMI=
github.com/mattn/go-colorable v0.0.6 h1:jGqlOoCjqVR4hfTO9H1qrR2xi0xZNYmX2T1xlw7P79c=
github.com/mattn/go-colorable v0.0.6/go.mod h1:9vuHe8Xs5qXnSaW/c/ABM9alt+Vo+STaOChaDxuIBZU=
github.com/mattn/go-isatty v0.0.0-20160806122752-66b8e73f3f5c h1:3nKFouDdpgGUV/uerJcYWH45ZbJzX0SiVWfTgmUeTzc=
github.com/mattn/go-isatty v0.0.0-20160806122752-66b8e73f3f5c/go.mod h1:M+lRXTBqGeGNdLjl/ufCoiOlB5xdOkqRJdNxMWT7Zi4=
github.com/rogpeppe/fastuuid v0.0.0-20150106093220-6724a57986af h1:gu+uRPtBe88sKxUCEXRoeCvVG90TJmwhiqRpvdhQFng=
github.com/rogpeppe/fastuuid v0.0.0-20150106093220-6724a57986af/go.mod h1:XWv6SoW27p1b0cqNHllgS5HIMJraePCO15w5zCzIWYg=
golang.org/x/crypto v0.0.0-20160922170629-8e06e8ddd962 h1:mWFWs/KZ0R2cLgNYRn+C4pQvMDmpkqxF1Npt3NEAPg0=
golang.org/x/crypto v0.0.0-20160922170629-8e06e8ddd962/go.mod h1:6SG95UA2DQfeDnfUPMdvaQW0Q7yPrPDi9nlGo2tz2b4=
golang.org/x/net v0.0.0-20150829230318-ea47fc708ee3 h1:vQKsY7JYxkBiIr0dkSCjLB4p7gONfkUsJHkLCH+pUQU=
golang.org/x/net v0.0.0-20150829230318-ea47fc708ee3/go.mod h1:mL1N/T3taQHkDXs73rZJwtUhF3w3ftmwwsq0BUmARs4=
golang.org/x/tools v0.0.0-20160427052601-1f1b3322f67a/go.mod h1:n7NCudcB/nEzxVGmLbDWY5pfWTLqBcC2KZ6jyYvM4mQ=
gopkg.in/check.v1 v1.0.0-20160105164936-4f90aeace3a2 h1:+j1SppRob9bAgoYmsdW9NNBdKZfgYuWpqnYHv78Qt8w=
gopkg.in/check.v1 v1.0.0-20160105164936-4f90aeace3a2/go.mod h1:Co6ibVJAznAaIkqp8huTwlJQCZ016jof/cbN4VW5Yz0=
gopkg.in/errgo.v1 v1.0.0-20151007153157-66cb46252b94 h1:ZA1f6ozm5hD4K7/ALu4EdbSoAsBMm8M/nMP9eoow3IY=
gopkg.in/errgo.v1 v1.0.0-20151007153157-66cb46252b94/go.mod h1:u0ALmqvLRxLI95fkdCEWrE6mhWYZW1aMOJHp5YXLHTg=
gopkg.in/mgo.v2 v2.0.0-20160818015218-f2b6f6c918c4 h1:hILp2hNrRnYjZpmIbx70psAHbBSEcQ1NIzDcUbJ1b6g=
gopkg.in/mgo.v2 v2.0.0-20160818015218-f2b6f6c918c4/go.mod h1:yeKp02qBN3iKW1OzL3MGk2IdtZzaj7SFntXj72NppTA=
gopkg.in/yaml.v2 v2.0.0-20160301204022-a83829b6f129 h1:RBgb9aPUbZ9nu66ecQNIBNsA7j3mB5h8PNDIfhPjaJg=
gopkg.in/yaml.v2 v2.0.0-20160301204022-a83829b6f129/go.mod h1:JAlM8MvJe8wmxCU4Bli9HhUf9+ttbYbLASfIpnQbh74=
